
Microsoft Visual Studio Solution File, Format Version 12.00
# Visual Studio Version 16
VisualStudioVersion = 16.0.30413.136
MinimumVisualStudioVersion = 10.0.40219.1
Project("{FAE04EC0-301F-11D3-BF4B-00C04F79EFBC}") = "TimeMeter", "TimeMeter\TimeMeter.csproj", "{E9201595-C701-4A02-8CEF-E9B54D837D69}"
EndProject
Global
	GlobalSection(SolutionConfigurationPlatforms) = preSolution
		Debug|Any CPU = Debug|Any CPU
		Release|Any CPU = Release|Any CPU
	EndGlobalSection
	GlobalSection(ProjectConfigurationPlatforms) = postSolution
		{E9201595-C701-4A02-8CEF-E9B54D837D69}.Debug|Any CPU.ActiveCfg = Debug|Any CPU
		{E9201595-C701-4A02-8CEF-E9B54D837D69}.Debug|Any CPU.Build.0 = Debug|Any CPU
		{E9201595-C701-4A02-8CEF-E9B54D837D69}.Release|Any CPU.ActiveCfg = Release|Any CPU
		{E9201595-C701-4A02-8CEF-E9B54D837D69}.Release|Any CPU.Build.0 = Release|Any CPU
	EndGlobalSection
	GlobalSection(SolutionProperties) = preSolution
		HideSolutionNode = FALSE
	EndGlobalSection
	GlobalSection(ExtensibilityGlobals) = postSolution
		SolutionGuid = {D42970CC-7345-411B-899A-497C12F5F404}
	EndGlobalSection
EndGlobal
